
Microsoft Visual Studio Solution File, Format Version 12.00
# Visual Studio Version 16
VisualStudioVersion = 16.0.32228.343
MinimumVisualStudioVersion = 10.0.40219.1
Project("{FAE04EC0-301F-11D3-BF4B-00C04F79EFBC}") = "MyBackendProject", "MyBackendProject\MyBackendProject.csproj", "{8F3F50A1-45D1-42B8-A077-4D8EA0B8ED32}"
EndProject
Project("{FAE04EC0-301F-11D3-BF4B-00C04F79EFBC}") = "BusinessLayer", "BusinessLayer\BusinessLayer.csproj", "{25C2AD5D-8113-474B-98FE-F8F59140DF56}"
EndProject
Project("{FAE04EC0-301F-11D3-BF4B-00C04F79EFBC}") = "RepositoryLayer", "RepositoryLayer\RepositoryLayer.csproj", "{FFFB1D67-29FA-4AD6-8198-B4F396E958A8}"
EndProject
Project("{FAE04EC0-301F-11D3-BF4B-00C04F79EFBC}") = "CommanLayer", "CommanLayer\CommanLayer.csproj", "{69222D7C-6F26-4E93-83EF-DF9CB62BD610}"
EndProject
Global
	GlobalSection(SolutionConfigurationPlatforms) = preSolution
		Debug|Any CPU = Debug|Any CPU
		Release|Any CPU = Release|Any CPU
	EndGlobalSection
	GlobalSection(ProjectConfigurationPlatforms) = postSolution
		{8F3F50A1-45D1-42B8-A077-4D8EA0B8ED32}.Debug|Any CPU.ActiveCfg = Debug|Any CPU
		{8F3F50A1-45D1-42B8-A077-4D8EA0B8ED32}.Debug|Any CPU.Build.0 = Debug|Any CPU
		{8F3F50A1-45D1-42B8-A077-4D8EA0B8ED32}.Release|Any CPU.ActiveCfg = Release|Any CPU
		{8F3F50A1-45D1-42B8-A077-4D8EA0B8ED32}.Release|Any CPU.Build.0 = Release|Any CPU
		{25C2AD5D-8113-474B-98FE-F8F59140DF56}.Debug|Any CPU.ActiveCfg = Debug|Any CPU
		{25C2AD5D-8113-474B-98FE-F8F59140DF56}.Debug|Any CPU.Build.0 = Debug|Any CPU
		{25C2AD5D-8113-474B-98FE-F8F59140DF56}.Release|Any CPU.ActiveCfg = Release|Any CPU
		{25C2AD5D-8113-474B-98FE-F8F59140DF56}.Release|Any CPU.Build.0 = Release|Any CPU
		{FFFB1D67-29FA-4AD6-8198-B4F396E958A8}.Debug|Any CPU.ActiveCfg = Debug|Any CPU
		{FFFB1D67-29FA-4AD6-8198-B4F396E958A8}.Debug|Any CPU.Build.0 = Debug|Any CPU
		{FFFB1D67-29FA-4AD6-8198-B4F396E958A8}.Release|Any CPU.ActiveCfg = Release|Any CPU
		{FFFB1D67-29FA-4AD6-8198-B4F396E958A8}.Release|Any CPU.Build.0 = Release|Any CPU
		{69222D7C-6F26-4E93-83EF-DF9CB62BD610}.Debug|Any CPU.ActiveCfg = Debug|Any CPU
		{69222D7C-6F26-4E93-83EF-DF9CB62BD610}.Debug|Any CPU.Build.0 = Debug|Any CPU
		{69222D7C-6F26-4E93-83EF-DF9CB62BD610}.Release|Any CPU.ActiveCfg = Release|Any CPU
		{69222D7C-6F26-4E93-83EF-DF9CB62BD610}.Release|Any CPU.Build.0 = Release|Any CPU
	EndGlobalSection
	GlobalSection(SolutionProperties) = preSolution
		HideSolutionNode = FALSE
	EndGlobalSection
	GlobalSection(ExtensibilityGlobals) = postSolution
		SolutionGuid = {285E2A20-0B36-4768-B4ED-23A048EFB921}
	EndGlobalSection
EndGlobal
